
Microsoft Visual Studio Solution File, Format Version 12.00
# Visual Studio Version 17
VisualStudioVersion = 17.6.33815.320
MinimumVisualStudioVersion = 10.0.40219.1
Project("{9A19103F-16F7-4668-BE54-9A1E7A4F7556}") = "ComponentInteraction", "ComponentInteraction\ComponentInteraction.csproj", "{42C4C488-504D-4241-9134-A7453A42BE45}"
EndProject
Project("{9A19103F-16F7-4668-BE54-9A1E7A4F7556}") = "SharedLib", "Components\SharedLib.csproj", "{DD37A2D9-31B2-417F-8C25-23B4503362D0}"
EndProject
Project("{9A19103F-16F7-4668-BE54-9A1E7A4F7556}") = "Data.Models", "Data.Models\Data.Models.csproj", "{F3035CE4-D3AE-4481-8EEF-A57D3AF5B5C9}"
EndProject
Project("{9A19103F-16F7-4668-BE54-9A1E7A4F7556}") = "Routing", "Routing\Routing.csproj", "{CBC1FDD0-BD3E-43E4-8B80-8B30784AB8A1}"
EndProject
Project("{9A19103F-16F7-4668-BE54-9A1E7A4F7556}") = "Navigation", "Navigation\Navigation.csproj", "{8CACCAA2-C308-43B7-A98D-E331E3C5E8C7}"
EndProject
Project("{9A19103F-16F7-4668-BE54-9A1E7A4F7556}") = "WebsiteLayout", "WebsiteLayout\WebsiteLayout.csproj", "{6DB6EA83-2836-49AB-991F-79927914A277}"
EndProject
Project("{9A19103F-16F7-4668-BE54-9A1E7A4F7556}") = "ComponentStyles", "ComponentStyles\ComponentStyles.csproj", "{1EB2F463-7E98-46C6-8029-6D0D48D99EAE}"
EndProject
Project("{9A19103F-16F7-4668-BE54-9A1E7A4F7556}") = "ContentProjection", "ContentProjection\ContentProjection.csproj", "{A664F61B-C8D6-452A-9F87-1D1F78D5ED72}"
EndProject
Project("{9A19103F-16F7-4668-BE54-9A1E7A4F7556}") = "JavascriptInteraction", "JavascriptInteraction\JavascriptInteraction.csproj", "{8BE713FC-E674-4601-9BBE-2BD39EE5E65B}"
EndProject
Project("{9A19103F-16F7-4668-BE54-9A1E7A4F7556}") = "DependencyInjection", "DependencyInjection\DependencyInjection.csproj", "{BA940743-F6A4-4098-9305-901FDF9858AB}"
EndProject
Project("{9A19103F-16F7-4668-BE54-9A1E7A4F7556}") = "Directives", "Directives\Directives.csproj", "{B0E021FB-20C8-4982-A737-20405E536147}"
EndProject
Project("{9A19103F-16F7-4668-BE54-9A1E7A4F7556}") = "FormDemonstrate", "FormDemonstrate\FormDemonstrate.csproj", "{00D4E2FE-29C0-43DF-84EB-B2507537250C}"
EndProject
Project("{2150E333-8FDC-42A3-9474-1A3956D46DE8}") = "ApiInteraction", "ApiInteraction", "{2BAF0D84-8CC2-4647-90F3-D71C9EF6EED9}"
EndProject
Project("{9A19103F-16F7-4668-BE54-9A1E7A4F7556}") = "FirstApi", "ApiInteraction\FirstApi\FirstApi.csproj", "{C46FB0EC-1026-42BC-8D9F-3011087CB5F4}"
EndProject
Project("{9A19103F-16F7-4668-BE54-9A1E7A4F7556}") = "SecondApi", "ApiInteraction\SecondApi\SecondApi.csproj", "{F4D0FD96-597C-4038-A696-8318993D631D}"
EndProject
Project("{9A19103F-16F7-4668-BE54-9A1E7A4F7556}") = "SingleApiInteraction", "ApiInteraction\SingleApiInteraction\SingleApiInteraction.csproj", "{9A9FD71B-5F99-4E27-BF63-31751F51BE84}"
EndProject
Project("{9A19103F-16F7-4668-BE54-9A1E7A4F7556}") = "MultipleApiInteraction", "ApiInteraction\MultipleApiInteraction\MultipleApiInteraction.csproj", "{64F76BED-9646-4AD9-8C8F-F0617C694678}"
EndProject
Project("{9A19103F-16F7-4668-BE54-9A1E7A4F7556}") = "Shared.Data", "Shared.Data\Shared.Data.csproj", "{9CCEA3D8-4B95-4993-B613-666627390C89}"
EndProject
Project("{9A19103F-16F7-4668-BE54-9A1E7A4F7556}") = "NickLovesToCode.Components", "NickLovesToCode.Components\NickLovesToCode.Components.csproj", "{71550911-41CA-4C26-A056-8460482CE359}"
EndProject
Global
	GlobalSection(SolutionConfigurationPlatforms) = preSolution
		Debug|Any CPU = Debug|Any CPU
		Release|Any CPU = Release|Any CPU
	EndGlobalSection
	GlobalSection(ProjectConfigurationPlatforms) = postSolution
		{42C4C488-504D-4241-9134-A7453A42BE45}.Debug|Any CPU.ActiveCfg = Debug|Any CPU
		{42C4C488-504D-4241-9134-A7453A42BE45}.Debug|Any CPU.Build.0 = Debug|Any CPU
		{42C4C488-504D-4241-9134-A7453A42BE45}.Release|Any CPU.ActiveCfg = Release|Any CPU
		{42C4C488-504D-4241-9134-A7453A42BE45}.Release|Any CPU.Build.0 = Release|Any CPU
		{DD37A2D9-31B2-417F-8C25-23B4503362D0}.Debug|Any CPU.ActiveCfg = Debug|Any CPU
		{DD37A2D9-31B2-417F-8C25-23B4503362D0}.Debug|Any CPU.Build.0 = Debug|Any CPU
		{DD37A2D9-31B2-417F-8C25-23B4503362D0}.Release|Any CPU.ActiveCfg = Release|Any CPU
		{DD37A2D9-31B2-417F-8C25-23B4503362D0}.Release|Any CPU.Build.0 = Release|Any CPU
		{F3035CE4-D3AE-4481-8EEF-A57D3AF5B5C9}.Debug|Any CPU.ActiveCfg = Debug|Any CPU
		{F3035CE4-D3AE-4481-8EEF-A57D3AF5B5C9}.Debug|Any CPU.Build.0 = Debug|Any CPU
		{F3035CE4-D3AE-4481-8EEF-A57D3AF5B5C9}.Release|Any CPU.ActiveCfg = Release|Any CPU
		{F3035CE4-D3AE-4481-8EEF-A57D3AF5B5C9}.Release|Any CPU.Build.0 = Release|Any CPU
		{CBC1FDD0-BD3E-43E4-8B80-8B30784AB8A1}.Debug|Any CPU.ActiveCfg = Debug|Any CPU
		{CBC1FDD0-BD3E-43E4-8B80-8B30784AB8A1}.Debug|Any CPU.Build.0 = Debug|Any CPU
		{CBC1FDD0-BD3E-43E4-8B80-8B30784AB8A1}.Release|Any CPU.ActiveCfg = Release|Any CPU
		{CBC1FDD0-BD3E-43E4-8B80-8B30784AB8A1}.Release|Any CPU.Build.0 = Release|Any CPU
		{8CACCAA2-C308-43B7-A98D-E331E3C5E8C7}.Debug|Any CPU.ActiveCfg = Debug|Any CPU
		{8CACCAA2-C308-43B7-A98D-E331E3C5E8C7}.Debug|Any CPU.Build.0 = Debug|Any CPU
		{8CACCAA2-C308-43B7-A98D-E331E3C5E8C7}.Release|Any CPU.ActiveCfg = Release|Any CPU
		{8CACCAA2-C308-43B7-A98D-E331E3C5E8C7}.Release|Any CPU.Build.0 = Release|Any CPU
		{6DB6EA83-2836-49AB-991F-79927914A277}.Debug|Any CPU.ActiveCfg = Debug|Any CPU
		{6DB6EA83-2836-49AB-991F-79927914A277}.Debug|Any CPU.Build.0 = Debug|Any CPU
		{6DB6EA83-2836-49AB-991F-79927914A277}.Release|Any CPU.ActiveCfg = Release|Any CPU
		{6DB6EA83-2836-49AB-991F-79927914A277}.Release|Any CPU.Build.0 = Release|Any CPU
		{1EB2F463-7E98-46C6-8029-6D0D48D99EAE}.Debug|Any CPU.ActiveCfg = Debug|Any CPU
		{1EB2F463-7E98-46C6-8029-6D0D48D99EAE}.Debug|Any CPU.Build.0 = Debug|Any CPU
		{1EB2F463-7E98-46C6-8029-6D0D48D99EAE}.Release|Any CPU.ActiveCfg = Release|Any CPU
		{1EB2F463-7E98-46C6-8029-6D0D48D99EAE}.Release|Any CPU.Build.0 = Release|Any CPU
		{A664F61B-C8D6-452A-9F87-1D1F78D5ED72}.Debug|Any CPU.ActiveCfg = Debug|Any CPU
		{A664F61B-C8D6-452A-9F87-1D1F78D5ED72}.Debug|Any CPU.Build.0 = Debug|Any CPU
		{A664F61B-C8D6-452A-9F87-1D1F78D5ED72}.Release|Any CPU.ActiveCfg = Release|Any CPU
		{A664F61B-C8D6-452A-9F87-1D1F78D5ED72}.Release|Any CPU.Build.0 = Release|Any CPU
		{8BE713FC-E674-4601-9BBE-2BD39EE5E65B}.Debug|Any CPU.ActiveCfg = Debug|Any CPU
		{8BE713FC-E674-4601-9BBE-2BD39EE5E65B}.Debug|Any CPU.Build.0 = Debug|Any CPU
		{8BE713FC-E674-4601-9BBE-2BD39EE5E65B}.Release|Any CPU.ActiveCfg = Release|Any CPU
		{8BE713FC-E674-4601-9BBE-2BD39EE5E65B}.Release|Any CPU.Build.0 = Release|Any CPU
		{BA940743-F6A4-4098-9305-901FDF9858AB}.Debug|Any CPU.ActiveCfg = Debug|Any CPU
		{BA940743-F6A4-4098-9305-901FDF9858AB}.Debug|Any CPU.Build.0 = Debug|Any CPU
		{BA940743-F6A4-4098-9305-901FDF9858AB}.Release|Any CPU.ActiveCfg = Release|Any CPU
		{BA940743-F6A4-4098-9305-901FDF9858AB}.Release|Any CPU.Build.0 = Release|Any CPU
		{B0E021FB-20C8-4982-A737-20405E536147}.Debug|Any CPU.ActiveCfg = Debug|Any CPU
		{B0E021FB-20C8-4982-A737-20405E536147}.Debug|Any CPU.Build.0 = Debug|Any CPU
		{B0E021FB-20C8-4982-A737-20405E536147}.Release|Any CPU.ActiveCfg = Release|Any CPU
		{B0E021FB-20C8-4982-A737-20405E536147}.Release|Any CPU.Build.0 = Release|Any CPU
		{00D4E2FE-29C0-43DF-84EB-B2507537250C}.Debug|Any CPU.ActiveCfg = Debug|Any CPU
		{00D4E2FE-29C0-43DF-84EB-B2507537250C}.Debug|Any CPU.Build.0 = Debug|Any CPU
		{00D4E2FE-29C0-43DF-84EB-B2507537250C}.Release|Any CPU.ActiveCfg = Release|Any CPU
		{00D4E2FE-29C0-43DF-84EB-B2507537250C}.Release|Any CPU.Build.0 = Release|Any CPU
		{C46FB0EC-1026-42BC-8D9F-3011087CB5F4}.Debug|Any CPU.ActiveCfg = Debug|Any CPU
		{C46FB0EC-1026-42BC-8D9F-3011087CB5F4}.Debug|Any CPU.Build.0 = Debug|Any CPU
		{C46FB0EC-1026-42BC-8D9F-3011087CB5F4}.Release|Any CPU.ActiveCfg = Release|Any CPU
		{C46FB0EC-1026-42BC-8D9F-3011087CB5F4}.Release|Any CPU.Build.0 = Release|Any CPU
		{F4D0FD96-597C-4038-A696-8318993D631D}.Debug|Any CPU.ActiveCfg = Debug|Any CPU
		{F4D0FD96-597C-4038-A696-8318993D631D}.Debug|Any CPU.Build.0 = Debug|Any CPU
		{F4D0FD96-597C-4038-A696-8318993D631D}.Release|Any CPU.ActiveCfg = Release|Any CPU
		{F4D0FD96-597C-4038-A696-8318993D631D}.Release|Any CPU.Build.0 = Release|Any CPU
		{9A9FD71B-5F99-4E27-BF63-31751F51BE84}.Debug|Any CPU.ActiveCfg = Debug|Any CPU
		{9A9FD71B-5F99-4E27-BF63-31751F51BE84}.Debug|Any CPU.Build.0 = Debug|Any CPU
		{9A9FD71B-5F99-4E27-BF63-31751F51BE84}.Release|Any CPU.ActiveCfg = Release|Any CPU
		{9A9FD71B-5F99-4E27-BF63-31751F51BE84}.Release|Any CPU.Build.0 = Release|Any CPU
		{64F76BED-9646-4AD9-8C8F-F0617C694678}.Debug|Any CPU.ActiveCfg = Debug|Any CPU
		{64F76BED-9646-4AD9-8C8F-F0617C694678}.Debug|Any CPU.Build.0 = Debug|Any CPU
		{64F76BED-9646-4AD9-8C8F-F0617C694678}.Release|Any CPU.ActiveCfg = Release|Any CPU
		{64F76BED-9646-4AD9-8C8F-F0617C694678}.Release|Any CPU.Build.0 = Release|Any CPU
		{9CCEA3D8-4B95-4993-B613-666627390C89}.Debug|Any CPU.ActiveCfg = Debug|Any CPU
		{9CCEA3D8-4B95-4993-B613-666627390C89}.Debug|Any CPU.Build.0 = Debug|Any CPU
		{9CCEA3D8-4B95-4993-B613-666627390C89}.Release|Any CPU.ActiveCfg = Release|Any CPU
		{9CCEA3D8-4B95-4993-B613-666627390C89}.Release|Any CPU.Build.0 = Release|Any CPU
		{71550911-41CA-4C26-A056-8460482CE359}.Debug|Any CPU.ActiveCfg = Debug|Any CPU
		{71550911-41CA-4C26-A056-8460482CE359}.Debug|Any CPU.Build.0 = Debug|Any CPU
		{71550911-41CA-4C26-A056-8460482CE359}.Release|Any CPU.ActiveCfg = Release|Any CPU
		{71550911-41CA-4C26-A056-8460482CE359}.Release|Any CPU.Build.0 = Release|Any CPU
	EndGlobalSection
	GlobalSection(SolutionProperties) = preSolution
		HideSolutionNode = FALSE
	EndGlobalSection
	GlobalSection(NestedProjects) = preSolution
		{C46FB0EC-1026-42BC-8D9F-3011087CB5F4} = {2BAF0D84-8CC2-4647-90F3-D71C9EF6EED9}
		{F4D0FD96-597C-4038-A696-8318993D631D} = {2BAF0D84-8CC2-4647-90F3-D71C9EF6EED9}
		{9A9FD71B-5F99-4E27-BF63-31751F51BE84} = {2BAF0D84-8CC2-4647-90F3-D71C9EF6EED9}
		{64F76BED-9646-4AD9-8C8F-F0617C694678} = {2BAF0D84-8CC2-4647-90F3-D71C9EF6EED9}
	EndGlobalSection
	GlobalSection(ExtensibilityGlobals) = postSolution
		SolutionGuid = {8B373E3A-9E4E-41A5-B2AA-9CA31488E846}
	EndGlobalSection
EndGlobal
